// !$*UTF8*$!
{
	archiveVersion = 1;
	classes = {
	};
	objectVersion = 56;
	objects = {

/* Begin PBXBuildFile section */
		487A7D7C2A9E727C0041D110 /* SystemCall.c in Sources */ = {isa = PBXBuildFile; fileRef = 487A7D7B2A9E727C0041D110 /* SystemCall.c */; };
		48F5D18B2A9A525D0069C320 /* IntXFaceApp.swift in Sources */ = {isa = PBXBuildFile; fileRef = 48F5D18A2A9A525D0069C320 /* IntXFaceApp.swift */; };
		48F5D18D2A9A525D0069C320 /* ContentView.swift in Sources */ = {isa = PBXBuildFile; fileRef = 48F5D18C2A9A525D0069C320 /* ContentView.swift */; };
		48F5D18F2A9A525D0069C320 /* Assets.xcassets in Resources */ = {isa = PBXBuildFile; fileRef = 48F5D18E2A9A525D0069C320 /* Assets.xcassets */; };
		48F5D1922A9A525D0069C320 /* Preview Assets.xcassets in Resources */ = {isa = PBXBuildFile; fileRef = 48F5D1912A9A525D0069C320 /* Preview Assets.xcassets */; };
/* End PBXBuildFile section */

/* Begin PBXFileReference section */
		487A7D762A9E71F80041D110 /* IntXFace-Bridging-Header.h */ = {isa = PBXFileReference; lastKnownFileType = sourcecode.c.h; path = "IntXFace-Bridging-Header.h"; sourceTree = "<group>"; };
		487A7D7A2A9E727C0041D110 /* SystemCall.h */ = {isa = PBXFileReference; lastKnownFileType = sourcecode.c.h; path = SystemCall.h; sourceTree = SOURCE_ROOT; };
		487A7D7B2A9E727C0041D110 /* SystemCall.c */ = {isa = PBXFileReference; lastKnownFileType = sourcecode.c.c; path = SystemCall.c; sourceTree = SOURCE_ROOT; };
		48F5D1872A9A525D0069C320 /* IntXFace.app */ = {isa = PBXFileReference; explicitFileType = wrapper.application; includeInIndex = 0; path = IntXFace.app; sourceTree = BUILT_PRODUCTS_DIR; };
		48F5D18A2A9A525D0069C320 /* IntXFaceApp.swift */ = {isa = PBXFileReference; lastKnownFileType = sourcecode.swift; path = IntXFaceApp.swift; sourceTree = "<group>"; };
		48F5D18C2A9A525D0069C320 /* ContentView.swift */ = {isa = PBXFileReference; lastKnownFileType = sourcecode.swift; path = ContentView.swift; sourceTree = "<group>"; };
		48F5D18E2A9A525D0069C320 /* Assets.xcassets */ = {isa = PBXFileReference; lastKnownFileType = folder.assetcatalog; path = Assets.xcassets; sourceTree = "<group>"; };
		48F5D1912A9A525D0069C320 /* Preview Assets.xcassets */ = {isa = PBXFileReference; lastKnownFileType = folder.assetcatalog; path = "Preview Assets.xcassets"; sourceTree = "<group>"; };
		48F5D1932A9A525D0069C320 /* IntXFace.entitlements */ = {isa = PBXFileReference; lastKnownFileType = text.plist.entitlements; path = IntXFace.entitlements; sourceTree = "<group>"; };
/* End PBXFileReference section */

/* Begin PBXFrameworksBuildPhase section */
		48F5D1842A9A525C0069C320 /* Frameworks */ = {
			isa = PBXFrameworksBuildPhase;
			buildActionMask = 2147483647;
			files = (
			);
			runOnlyForDeploymentPostprocessing = 0;
		};
/* End PBXFrameworksBuildPhase section */

/* Begin PBXGroup section */
		48F5D17E2A9A525C0069C320 = {
			isa = PBXGroup;
			children = (
				48F5D1892A9A525D0069C320 /* IntXFace */,
				48F5D1882A9A525D0069C320 /* Products */,
				487A7D762A9E71F80041D110 /* IntXFace-Bridging-Header.h */,
			);
			sourceTree = "<group>";
		};
		48F5D1882A9A525D0069C320 /* Products */ = {
			isa = PBXGroup;
			children = (
				48F5D1872A9A525D0069C320 /* IntXFace.app */,
			);
			name = Products;
			sourceTree = "<group>";
		};
		48F5D1892A9A525D0069C320 /* IntXFace */ = {
			isa = PBXGroup;
			children = (
				48F5D18A2A9A525D0069C320 /* IntXFaceApp.swift */,
				48F5D18C2A9A525D0069C320 /* ContentView.swift */,
				48F5D18E2A9A525D0069C320 /* Assets.xcassets */,
				48F5D1932A9A525D0069C320 /* IntXFace.entitlements */,
				48F5D1902A9A525D0069C320 /* Preview Content */,
				487A7D7A2A9E727C0041D110 /* SystemCall.h */,
				487A7D7B2A9E727C0041D110 /* SystemCall.c */,
			);
			path = IntXFace;
			sourceTree = "<group>";
		};
		48F5D1902A9A525D0069C320 /* Preview Content */ = {
			isa = PBXGroup;
			children = (
				48F5D1912A9A525D0069C320 /* Preview Assets.xcassets */,
			);
			path = "Preview Content";
			sourceTree = "<group>";
		};
/* End PBXGroup section */

/* Begin PBXNativeTarget section */
		48F5D1862A9A525C0069C320 /* IntXFace */ = {
			isa = PBXNativeTarget;
			buildConfigurationList = 48F5D1962A9A525D0069C320 /* Build configuration list for PBXNativeTarget "IntXFace" */;
			buildPhases = (
				48F5D1832A9A525C0069C320 /* Sources */,
				48F5D1842A9A525C0069C320 /* Frameworks */,
				48F5D1852A9A525C0069C320 /* Resources */,
			);
			buildRules = (
			);
			dependencies = (
			);
			name = IntXFace;
			productName = IntXFace;
			productReference = 48F5D1872A9A525D0069C320 /* IntXFace.app */;
			productType = "com.apple.product-type.application";
		};
/* End PBXNativeTarget section */

/* Begin PBXProject section */
		48F5D17F2A9A525C0069C320 /* Project object */ = {
			isa = PBXProject;
			attributes = {
				BuildIndependentTargetsInParallel = 1;
				LastSwiftUpdateCheck = 1430;
				LastUpgradeCheck = 1430;
				TargetAttributes = {
					48F5D1862A9A525C0069C320 = {
						CreatedOnToolsVersion = 14.3.1;
						LastSwiftMigration = 1430;
					};
				};
			};
			buildConfigurationList = 48F5D1822A9A525C0069C320 /* Build configuration list for PBXProject "IntXFace" */;
			compatibilityVersion = "Xcode 14.0";
			developmentRegion = en;
			hasScannedForEncodings = 0;
			knownRegions = (
				en,
				Base,
			);
			mainGroup = 48F5D17E2A9A525C0069C320;
			productRefGroup = 48F5D1882A9A525D0069C320 /* Products */;
			projectDirPath = "";
			projectRoot = "";
			targets = (
				48F5D1862A9A525C0069C320 /* IntXFace */,
			);
		};
/* End PBXProject section */

/* Begin PBXResourcesBuildPhase section */
		48F5D1852A9A525C0069C320 /* Resources */ = {
			isa = PBXResourcesBuildPhase;
			buildActionMask = 2147483647;
			files = (
				48F5D1922A9A525D0069C320 /* Preview Assets.xcassets in Resources */,
				48F5D18F2A9A525D0069C320 /* Assets.xcassets in Resources */,
			);
			runOnlyForDeploymentPostprocessing = 0;
		};
/* End PBXResourcesBuildPhase section */

/* Begin PBXSourcesBuildPhase section */
		48F5D1832A9A525C0069C320 /* Sources */ = {
			isa = PBXSourcesBuildPhase;
			buildActionMask = 2147483647;
			files = (
				48F5D18D2A9A525D0069C320 /* ContentView.swift in Sources */,
				48F5D18B2A9A525D0069C320 /* IntXFaceApp.swift in Sources */,
				487A7D7C2A9E727C0041D110 /* SystemCall.c in Sources */,
			);
			runOnlyForDeploymentPostprocessing = 0;
		};
/* End PBXSourcesBuildPhase section */

/* Begin XCBuildConfiguration section */
		48F5D1942A9A525D0069C320 /* Debug */ = {
			isa = XCBuildConfiguration;
			buildSettings = {
				ALWAYS_SEARCH_USER_PATHS = NO;
				CLANG_ANALYZER_NONNULL = YES;
				CLANG_ANALYZER_NUMBER_OBJECT_CONVERSION = YES_AGGRESSIVE;
				CLANG_CXX_LANGUAGE_STANDARD = "gnu++20";
				CLANG_ENABLE_MODULES = YES;
				CLANG_ENABLE_OBJC_ARC = YES;
				CLANG_ENABLE_OBJC_WEAK = YES;
				CLANG_WARN_BLOCK_CAPTURE_AUTORELEASING = YES;
				CLANG_WARN_BOOL_CONVERSION = YES;
				CLANG_WARN_COMMA = YES;
				CLANG_WARN_CONSTANT_CONVERSION = YES;
				CLANG_WARN_DEPRECATED_OBJC_IMPLEMENTATIONS = YES;
				CLANG_WARN_DIRECT_OBJC_ISA_USAGE = YES_ERROR;
				CLANG_WARN_DOCUMENTATION_COMMENTS = YES;
				CLANG_WARN_EMPTY_BODY = YES;
				CLANG_WARN_ENUM_CONVERSION = YES;
				CLANG_WARN_INFINITE_RECURSION = YES;
				CLANG_WARN_INT_CONVERSION = YES;
				CLANG_WARN_NON_LITERAL_NULL_CONVERSION = YES;
				CLANG_WARN_OBJC_IMPLICIT_RETAIN_SELF = YES;
				CLANG_WARN_OBJC_LITERAL_CONVERSION = YES;
				CLANG_WARN_OBJC_ROOT_CLASS = YES_ERROR;
				CLANG_WARN_QUOTED_INCLUDE_IN_FRAMEWORK_HEADER = YES;
				CLANG_WARN_RANGE_LOOP_ANALYSIS = YES;
				CLANG_WARN_STRICT_PROTOTYPES = YES;
				CLANG_WARN_SUSPICIOUS_MOVE = YES;
				CLANG_WARN_UNGUARDED_AVAILABILITY = YES_AGGRESSIVE;
				CLANG_WARN_UNREACHABLE_CODE = YES;
				CLANG_WARN__DUPLICATE_METHOD_MATCH = YES;
				COPY_PHASE_STRIP = NO;
				DEBUG_INFORMATION_FORMAT = dwarf;
				ENABLE_STRICT_OBJC_MSGSEND = YES;
				ENABLE_TESTABILITY = YES;
				GCC_C_LANGUAGE_STANDARD = gnu11;
				GCC_DYNAMIC_NO_PIC = NO;
				GCC_NO_COMMON_BLOCKS = YES;
				GCC_OPTIMIZATION_LEVEL = 0;
				GCC_PREPROCESSOR_DEFINITIONS = (
					"DEBUG=1",
					"$(inherited)",
				);
				GCC_WARN_64_TO_32_BIT_CONVERSION = YES;
				GCC_WARN_ABOUT_RETURN_TYPE = YES_ERROR;
				GCC_WARN_UNDECLARED_SELECTOR = YES;
				GCC_WARN_UNINITIALIZED_AUTOS = YES_AGGRESSIVE;
				GCC_WARN_UNUSED_FUNCTION = YES;
				GCC_WARN_UNUSED_VARIABLE = YES;
				MACOSX_DEPLOYMENT_TARGET = 13.3;
				MTL_ENABLE_DEBUG_INFO = INCLUDE_SOURCE;
				MTL_FAST_MATH = YES;
				ONLY_ACTIVE_ARCH = YES;
				SDKROOT = macosx;
				SWIFT_ACTIVE_COMPILATION_CONDITIONS = DEBUG;
				SWIFT_OPTIMIZATION_LEVEL = "-Onone";
			};
			name = Debug;
		};
		48F5D1952A9A525D0069C320 /* Release */ = {
			isa = XCBuildConfiguration;
			buildSettings = {
				ALWAYS_SEARCH_USER_PATHS = NO;
				CLANG_ANALYZER_NONNULL = YES;
				CLANG_ANALYZER_NUMBER_OBJECT_CONVERSION = YES_AGGRESSIVE;
				CLANG_CXX_LANGUAGE_STANDARD = "gnu++20";
				CLANG_ENABLE_MODULES = YES;
				CLANG_ENABLE_OBJC_ARC = YES;
				CLANG_ENABLE_OBJC_WEAK = YES;
				CLANG_WARN_BLOCK_CAPTURE_AUTORELEASING = YES;
				CLANG_WARN_BOOL_CONVERSION = YES;
				CLANG_WARN_COMMA = YES;
				CLANG_WARN_CONSTANT_CONVERSION = YES;
				CLANG_WARN_DEPRECATED_OBJC_IMPLEMENTATIONS = YES;
				CLANG_WARN_DIRECT_OBJC_ISA_USAGE = YES_ERROR;
				CLANG_WARN_DOCUMENTATION_COMMENTS = YES;
				CLANG_WARN_EMPTY_BODY = YES;
				CLANG_WARN_ENUM_CONVERSION = YES;
				CLANG_WARN_INFINITE_RECURSION = YES;
				CLANG_WARN_INT_CONVERSION = YES;
				CLANG_WARN_NON_LITERAL_NULL_CONVERSION = YES;
				CLANG_WARN_OBJC_IMPLICIT_RETAIN_SELF = YES;
				CLANG_WARN_OBJC_LITERAL_CONVERSION = YES;
				CLANG_WARN_OBJC_ROOT_CLASS = YES_ERROR;
				CLANG_WARN_QUOTED_INCLUDE_IN_FRAMEWORK_HEADER = YES;
				CLANG_WARN_RANGE_LOOP_ANALYSIS = YES;
				CLANG_WARN_STRICT_PROTOTYPES = YES;
				CLANG_WARN_SUSPICIOUS_MOVE = YES;
				CLANG_WARN_UNGUARDED_AVAILABILITY = YES_AGGRESSIVE;
				CLANG_WARN_UNREACHABLE_CODE = YES;
				CLANG_WARN__DUPLICATE_METHOD_MATCH = YES;
				COPY_PHASE_STRIP = NO;
				DEBUG_INFORMATION_FORMAT = "dwarf-with-dsym";
				ENABLE_NS_ASSERTIONS = NO;
				ENABLE_STRICT_OBJC_MSGSEND = YES;
				GCC_C_LANGUAGE_STANDARD = gnu11;
				GCC_NO_COMMON_BLOCKS = YES;
				GCC_WARN_64_TO_32_BIT_CONVERSION = YES;
				GCC_WARN_ABOUT_RETURN_TYPE = YES_ERROR;
				GCC_WARN_UNDECLARED_SELECTOR = YES;
				GCC_WARN_UNINITIALIZED_AUTOS = YES_AGGRESSIVE;
				GCC_WARN_UNUSED_FUNCTION = YES;
				GCC_WARN_UNUSED_VARIABLE = YES;
				MACOSX_DEPLOYMENT_TARGET = 13.3;
				MTL_ENABLE_DEBUG_INFO = NO;
				MTL_FAST_MATH = YES;
				SDKROOT = macosx;
				SWIFT_COMPILATION_MODE = wholemodule;
				SWIFT_OPTIMIZATION_LEVEL = "-O";
			};
			name = Release;
		};
		48F5D1972A9A525D0069C320 /* Debug */ = {
			isa = XCBuildConfiguration;
			buildSettings = {
				ASSETCATALOG_COMPILER_APPICON_NAME = AppIcon;
				ASSETCATALOG_COMPILER_GLOBAL_ACCENT_COLOR_NAME = AccentColor;
				CLANG_ENABLE_MODULES = YES;
				CODE_SIGN_ENTITLEMENTS = IntXFace/IntXFace.entitlements;
				CODE_SIGN_STYLE = Automatic;
				COMBINE_HIDPI_IMAGES = YES;
				CURRENT_PROJECT_VERSION = 1;
				DEVELOPMENT_ASSET_PATHS = "\"IntXFace/Preview Content\"";
				DEVELOPMENT_TEAM = P7KMNQ8JV3;
				ENABLE_HARDENED_RUNTIME = YES;
				ENABLE_PREVIEWS = NO;
				GENERATE_INFOPLIST_FILE = YES;
				INFOPLIST_KEY_NSHumanReadableCopyright = "";
				LD_RUNPATH_SEARCH_PATHS = (
					"$(inherited)",
					"@executable_path/../Frameworks",
				);
				MARKETING_VERSION = 1.0;
				PRODUCT_BUNDLE_IDENTIFIER = com.example.focal.IntXFace;
				PRODUCT_NAME = "$(TARGET_NAME)";
				SWIFT_EMIT_LOC_STRINGS = YES;
				SWIFT_OBJC_BRIDGING_HEADER = "IntXFace-Bridging-Header.h";
				SWIFT_OPTIMIZATION_LEVEL = "-Onone";
				SWIFT_VERSION = 5.0;
			};
			name = Debug;
		};
		48F5D1982A9A525D0069C320 /* Release */ = {
			isa = XCBuildConfiguration;
			buildSettings = {
				ASSETCATALOG_COMPILER_APPICON_NAME = AppIcon;
				ASSETCATALOG_COMPILER_GLOBAL_ACCENT_COLOR_NAME = AccentColor;
				CLANG_ENABLE_MODULES = YES;
				CODE_SIGN_ENTITLEMENTS = IntXFace/IntXFace.entitlements;
				CODE_SIGN_STYLE = Automatic;
				COMBINE_HIDPI_IMAGES = YES;
				CURRENT_PROJECT_VERSION = 1;
				DEVELOPMENT_ASSET_PATHS = "\"IntXFace/Preview Content\"";
				DEVELOPMENT_TEAM = P7KMNQ8JV3;
				ENABLE_HARDENED_RUNTIME = YES;
				ENABLE_PREVIEWS = NO;
				GENERATE_INFOPLIST_FILE = YES;
				INFOPLIST_KEY_NSHumanReadableCopyright = "";
				LD_RUNPATH_SEARCH_PATHS = (
					"$(inherited)",
					"@executable_path/../Frameworks",
				);
				MARKETING_VERSION = 1.0;
				PRODUCT_BUNDLE_IDENTIFIER = com.example.focal.IntXFace;
				PRODUCT_NAME = "$(TARGET_NAME)";
				SWIFT_EMIT_LOC_STRINGS = YES;
				SWIFT_OBJC_BRIDGING_HEADER = "IntXFace-Bridging-Header.h";
				SWIFT_VERSION = 5.0;
			};
			name = Release;
		};
/* End XCBuildConfiguration section */

/* Begin XCConfigurationList section */
		48F5D1822A9A525C0069C320 /* Build configuration list for PBXProject "IntXFace" */ = {
			isa = XCConfigurationList;
			buildConfigurations = (
				48F5D1942A9A525D0069C320 /* Debug */,
				48F5D1952A9A525D0069C320 /* Release */,
			);
			defaultConfigurationIsVisible = 0;
			defaultConfigurationName = Release;
		};
		48F5D1962A9A525D0069C320 /* Build configuration list for PBXNativeTarget "IntXFace" */ = {
			isa = XCConfigurationList;
			buildConfigurations = (
				48F5D1972A9A525D0069C320 /* Debug */,
				48F5D1982A9A525D0069C320 /* Release */,
			);
			defaultConfigurationIsVisible = 0;
			defaultConfigurationName = Release;
		};
/* End XCConfigurationList section */
	};
	rootObject = 48F5D17F2A9A525C0069C320 /* Project object */;
}
